// !$*UTF8*$!
{
	archiveVersion = 1;
	classes = {
	};
	objectVersion = 51;
	objects = {

/* Begin PBXBuildFile section */
		6F5BF9A92561EB4700D020E2 /* GoogleService-Info.plist in Resources */ = {isa = PBXBuildFile; fileRef = 6F5BF9A82561EB4600D020E2 /* GoogleService-Info.plist */; };
		6F5BF9AB2561EE6700D020E2 /* Authentication.storyboard in Resources */ = {isa = PBXBuildFile; fileRef = 6F5BF9AA2561EE6700D020E2 /* Authentication.storyboard */; };
		6F5BF9B02561EEE000D020E2 /* AuthenticationController.swift in Sources */ = {isa = PBXBuildFile; fileRef = 6F5BF9AD2561EEE000D020E2 /* AuthenticationController.swift */; };
		6F5BF9B12561EEE000D020E2 /* SignUpController.swift in Sources */ = {isa = PBXBuildFile; fileRef = 6F5BF9AE2561EEE000D020E2 /* SignUpController.swift */; };
		6F5BF9B22561EEE000D020E2 /* InitializationController.swift in Sources */ = {isa = PBXBuildFile; fileRef = 6F5BF9AF2561EEE000D020E2 /* InitializationController.swift */; };
		6F5BF9B72561F11A00D020E2 /* Extensions.swift in Sources */ = {isa = PBXBuildFile; fileRef = 6F5BF9B42561F11A00D020E2 /* Extensions.swift */; };
		6F5BF9B92561F11A00D020E2 /* User.swift in Sources */ = {isa = PBXBuildFile; fileRef = 6F5BF9B62561F11A00D020E2 /* User.swift */; };
		6F5BF9BB2561F23F00D020E2 /* Utils.swift in Sources */ = {isa = PBXBuildFile; fileRef = 6F5BF9BA2561F23F00D020E2 /* Utils.swift */; };
		6F5BF9BD2561F43800D020E2 /* SettingsController.swift in Sources */ = {isa = PBXBuildFile; fileRef = 6F5BF9BC2561F43800D020E2 /* SettingsController.swift */; };
		6F5BF9C02561FC0300D020E2 /* LaunchScreen.storyboard in Resources */ = {isa = PBXBuildFile; fileRef = 6F5BF9BF2561FC0300D020E2 /* LaunchScreen.storyboard */; };
		80903F9C25606A570063E150 /* AppDelegate.swift in Sources */ = {isa = PBXBuildFile; fileRef = 80903F9B25606A570063E150 /* AppDelegate.swift */; };
		80903F9E25606A570063E150 /* SceneDelegate.swift in Sources */ = {isa = PBXBuildFile; fileRef = 80903F9D25606A570063E150 /* SceneDelegate.swift */; };
		80903FA025606A570063E150 /* ViewController.swift in Sources */ = {isa = PBXBuildFile; fileRef = 80903F9F25606A570063E150 /* ViewController.swift */; };
		80903FA525606A5A0063E150 /* Assets.xcassets in Resources */ = {isa = PBXBuildFile; fileRef = 80903FA425606A5A0063E150 /* Assets.xcassets */; };
		A36713413D4E1B8EF360D950 /* Pods_Callective.framework in Frameworks */ = {isa = PBXBuildFile; fileRef = 82499B78EF09237AD62798C1 /* Pods_Callective.framework */; };
/* End PBXBuildFile section */

/* Begin PBXFileReference section */
		3A0868CFB35371FBBB66B3A1 /* Pods-Callective.debug.xcconfig */ = {isa = PBXFileReference; includeInIndex = 1; lastKnownFileType = text.xcconfig; name = "Pods-Callective.debug.xcconfig"; path = "Target Support Files/Pods-Callective/Pods-Callective.debug.xcconfig"; sourceTree = "<group>"; };
		47E69E1920AD35C9A72E5E50 /* Pods-Callective.release.xcconfig */ = {isa = PBXFileReference; includeInIndex = 1; lastKnownFileType = text.xcconfig; name = "Pods-Callective.release.xcconfig"; path = "Target Support Files/Pods-Callective/Pods-Callective.release.xcconfig"; sourceTree = "<group>"; };
		6F5BF9A82561EB4600D020E2 /* GoogleService-Info.plist */ = {isa = PBXFileReference; fileEncoding = 4; lastKnownFileType = text.plist.xml; path = "GoogleService-Info.plist"; sourceTree = "<group>"; };
		6F5BF9AA2561EE6700D020E2 /* Authentication.storyboard */ = {isa = PBXFileReference; fileEncoding = 4; lastKnownFileType = file.storyboard; path = Authentication.storyboard; sourceTree = "<group>"; };
		6F5BF9AD2561EEE000D020E2 /* AuthenticationController.swift */ = {isa = PBXFileReference; fileEncoding = 4; lastKnownFileType = sourcecode.swift; path = AuthenticationController.swift; sourceTree = "<group>"; };
		6F5BF9AE2561EEE000D020E2 /* SignUpController.swift */ = {isa = PBXFileReference; fileEncoding = 4; lastKnownFileType = sourcecode.swift; path = SignUpController.swift; sourceTree = "<group>"; };
		6F5BF9AF2561EEE000D020E2 /* InitializationController.swift */ = {isa = PBXFileReference; fileEncoding = 4; lastKnownFileType = sourcecode.swift; path = InitializationController.swift; sourceTree = "<group>"; };
		6F5BF9B42561F11A00D020E2 /* Extensions.swift */ = {isa = PBXFileReference; fileEncoding = 4; lastKnownFileType = sourcecode.swift; path = Extensions.swift; sourceTree = "<group>"; };
		6F5BF9B62561F11A00D020E2 /* User.swift */ = {isa = PBXFileReference; fileEncoding = 4; lastKnownFileType = sourcecode.swift; path = User.swift; sourceTree = "<group>"; };
		6F5BF9BA2561F23F00D020E2 /* Utils.swift */ = {isa = PBXFileReference; lastKnownFileType = sourcecode.swift; path = Utils.swift; sourceTree = "<group>"; };
		6F5BF9BC2561F43800D020E2 /* SettingsController.swift */ = {isa = PBXFileReference; fileEncoding = 4; lastKnownFileType = sourcecode.swift; path = SettingsController.swift; sourceTree = "<group>"; };
		6F5BF9BF2561FC0300D020E2 /* LaunchScreen.storyboard */ = {isa = PBXFileReference; lastKnownFileType = file.storyboard; path = LaunchScreen.storyboard; sourceTree = "<group>"; };
		80903F9825606A570063E150 /* Callective.app */ = {isa = PBXFileReference; explicitFileType = wrapper.application; includeInIndex = 0; path = Callective.app; sourceTree = BUILT_PRODUCTS_DIR; };
		80903F9B25606A570063E150 /* AppDelegate.swift */ = {isa = PBXFileReference; lastKnownFileType = sourcecode.swift; path = AppDelegate.swift; sourceTree = "<group>"; };
		80903F9D25606A570063E150 /* SceneDelegate.swift */ = {isa = PBXFileReference; lastKnownFileType = sourcecode.swift; path = SceneDelegate.swift; sourceTree = "<group>"; };
		80903F9F25606A570063E150 /* ViewController.swift */ = {isa = PBXFileReference; lastKnownFileType = sourcecode.swift; path = ViewController.swift; sourceTree = "<group>"; };
		80903FA425606A5A0063E150 /* Assets.xcassets */ = {isa = PBXFileReference; lastKnownFileType = folder.assetcatalog; path = Assets.xcassets; sourceTree = "<group>"; };
		80903FA925606A5A0063E150 /* Info.plist */ = {isa = PBXFileReference; lastKnownFileType = text.plist.xml; path = Info.plist; sourceTree = "<group>"; };
		82499B78EF09237AD62798C1 /* Pods_Callective.framework */ = {isa = PBXFileReference; explicitFileType = wrapper.framework; includeInIndex = 0; path = Pods_Callective.framework; sourceTree = BUILT_PRODUCTS_DIR; };
/* End PBXFileReference section */

/* Begin PBXFrameworksBuildPhase section */
		80903F9525606A570063E150 /* Frameworks */ = {
			isa = PBXFrameworksBuildPhase;
			buildActionMask = 2147483647;
			files = (
				A36713413D4E1B8EF360D950 /* Pods_Callective.framework in Frameworks */,
			);
			runOnlyForDeploymentPostprocessing = 0;
		};
/* End PBXFrameworksBuildPhase section */

/* Begin PBXGroup section */
		4F3E0E208E36A5E6E884DE61 /* Frameworks */ = {
			isa = PBXGroup;
			children = (
				82499B78EF09237AD62798C1 /* Pods_Callective.framework */,
			);
			name = Frameworks;
			sourceTree = "<group>";
		};
		6F5BF9AC2561EED700D020E2 /* Authentication */ = {
			isa = PBXGroup;
			children = (
				6F5BF9AD2561EEE000D020E2 /* AuthenticationController.swift */,
				6F5BF9AE2561EEE000D020E2 /* SignUpController.swift */,
				6F5BF9AF2561EEE000D020E2 /* InitializationController.swift */,
			);
			path = Authentication;
			sourceTree = "<group>";
		};
		6F5BF9B32561F11000D020E2 /* Model */ = {
			isa = PBXGroup;
			children = (
				6F5BF9B42561F11A00D020E2 /* Extensions.swift */,
				6F5BF9BA2561F23F00D020E2 /* Utils.swift */,
				6F5BF9B62561F11A00D020E2 /* User.swift */,
			);
			path = Model;
			sourceTree = "<group>";
		};
		80903F8F25606A570063E150 = {
			isa = PBXGroup;
			children = (
				80903F9A25606A570063E150 /* Callective */,
				80903F9925606A570063E150 /* Products */,
				9A17B6ADA2FC200FD864773C /* Pods */,
				4F3E0E208E36A5E6E884DE61 /* Frameworks */,
			);
			sourceTree = "<group>";
		};
		80903F9925606A570063E150 /* Products */ = {
			isa = PBXGroup;
			children = (
				80903F9825606A570063E150 /* Callective.app */,
			);
			name = Products;
			sourceTree = "<group>";
		};
		80903F9A25606A570063E150 /* Callective */ = {
			isa = PBXGroup;
			children = (
				80903F9B25606A570063E150 /* AppDelegate.swift */,
				80903F9D25606A570063E150 /* SceneDelegate.swift */,
				6F5BF9AC2561EED700D020E2 /* Authentication */,
				80903F9F25606A570063E150 /* ViewController.swift */,
				6F5BF9B32561F11000D020E2 /* Model */,
				6F5BF9BC2561F43800D020E2 /* SettingsController.swift */,
				6F5BF9BF2561FC0300D020E2 /* LaunchScreen.storyboard */,
				80903FA425606A5A0063E150 /* Assets.xcassets */,
				6F5BF9AA2561EE6700D020E2 /* Authentication.storyboard */,
				6F5BF9A82561EB4600D020E2 /* GoogleService-Info.plist */,
				80903FA925606A5A0063E150 /* Info.plist */,
			);
			path = Callective;
			sourceTree = "<group>";
		};
		9A17B6ADA2FC200FD864773C /* Pods */ = {
			isa = PBXGroup;
			children = (
				3A0868CFB35371FBBB66B3A1 /* Pods-Callective.debug.xcconfig */,
				47E69E1920AD35C9A72E5E50 /* Pods-Callective.release.xcconfig */,
			);
			path = Pods;
			sourceTree = "<group>";
		};
/* End PBXGroup section */

/* Begin PBXNativeTarget section */
		80903F9725606A570063E150 /* Callective */ = {
			isa = PBXNativeTarget;
			buildConfigurationList = 80903FAC25606A5A0063E150 /* Build configuration list for PBXNativeTarget "Callective" */;
			buildPhases = (
				6FBB6ED382D736748ED8FE0E /* [CP] Check Pods Manifest.lock */,
				80903F9425606A570063E150 /* Sources */,
				80903F9525606A570063E150 /* Frameworks */,
				80903F9625606A570063E150 /* Resources */,
				8295E1A0EFA333FDCE87B991 /* [CP] Embed Pods Frameworks */,
				883909F426F382A9AE5899CD /* [CP] Copy Pods Resources */,
			);
			buildRules = (
			);
			dependencies = (
			);
			name = Callective;
			productName = Callective;
			productReference = 80903F9825606A570063E150 /* Callective.app */;
			productType = "com.apple.product-type.application";
		};
/* End PBXNativeTarget section */

/* Begin PBXProject section */
		80903F9025606A570063E150 /* Project object */ = {
			isa = PBXProject;
			attributes = {
				LastSwiftUpdateCheck = 1200;
				LastUpgradeCheck = 1200;
				TargetAttributes = {
					80903F9725606A570063E150 = {
						CreatedOnToolsVersion = 12.0.1;
					};
				};
			};
			buildConfigurationList = 80903F9325606A570063E150 /* Build configuration list for PBXProject "Callective" */;
			compatibilityVersion = "Xcode 9.3";
			developmentRegion = en;
			hasScannedForEncodings = 0;
			knownRegions = (
				en,
				Base,
			);
			mainGroup = 80903F8F25606A570063E150;
			productRefGroup = 80903F9925606A570063E150 /* Products */;
			projectDirPath = "";
			projectRoot = "";
			targets = (
				80903F9725606A570063E150 /* Callective */,
			);
		};
/* End PBXProject section */

/* Begin PBXResourcesBuildPhase section */
		80903F9625606A570063E150 /* Resources */ = {
			isa = PBXResourcesBuildPhase;
			buildActionMask = 2147483647;
			files = (
				6F5BF9A92561EB4700D020E2 /* GoogleService-Info.plist in Resources */,
				80903FA525606A5A0063E150 /* Assets.xcassets in Resources */,
				6F5BF9C02561FC0300D020E2 /* LaunchScreen.storyboard in Resources */,
				6F5BF9AB2561EE6700D020E2 /* Authentication.storyboard in Resources */,
			);
			runOnlyForDeploymentPostprocessing = 0;
		};
/* End PBXResourcesBuildPhase section */

/* Begin PBXShellScriptBuildPhase section */
		6FBB6ED382D736748ED8FE0E /* [CP] Check Pods Manifest.lock */ = {
			isa = PBXShellScriptBuildPhase;
			buildActionMask = 2147483647;
			files = (
			);
			inputFileListPaths = (
			);
			inputPaths = (
				"${PODS_PODFILE_DIR_PATH}/Podfile.lock",
				"${PODS_ROOT}/Manifest.lock",
			);
			name = "[CP] Check Pods Manifest.lock";
			outputFileListPaths = (
			);
			outputPaths = (
				"$(DERIVED_FILE_DIR)/Pods-Callective-checkManifestLockResult.txt",
			);
			runOnlyForDeploymentPostprocessing = 0;
			shellPath = /bin/sh;
			shellScript = "diff \"${PODS_PODFILE_DIR_PATH}/Podfile.lock\" \"${PODS_ROOT}/Manifest.lock\" > /dev/null\nif [ $? != 0 ] ; then\n    # print error to STDERR\n    echo \"error: The sandbox is not in sync with the Podfile.lock. Run 'pod install' or update your CocoaPods installation.\" >&2\n    exit 1\nfi\n# This output is used by Xcode 'outputs' to avoid re-running this script phase.\necho \"SUCCESS\" > \"${SCRIPT_OUTPUT_FILE_0}\"\n";
			showEnvVarsInLog = 0;
		};
		8295E1A0EFA333FDCE87B991 /* [CP] Embed Pods Frameworks */ = {
			isa = PBXShellScriptBuildPhase;
			buildActionMask = 2147483647;
			files = (
			);
			inputFileListPaths = (
				"${PODS_ROOT}/Target Support Files/Pods-Callective/Pods-Callective-frameworks-${CONFIGURATION}-input-files.xcfilelist",
			);
			name = "[CP] Embed Pods Frameworks";
			outputFileListPaths = (
				"${PODS_ROOT}/Target Support Files/Pods-Callective/Pods-Callective-frameworks-${CONFIGURATION}-output-files.xcfilelist",
			);
			runOnlyForDeploymentPostprocessing = 0;
			shellPath = /bin/sh;
			shellScript = "\"${PODS_ROOT}/Target Support Files/Pods-Callective/Pods-Callective-frameworks.sh\"\n";
			showEnvVarsInLog = 0;
		};
		883909F426F382A9AE5899CD /* [CP] Copy Pods Resources */ = {
			isa = PBXShellScriptBuildPhase;
			buildActionMask = 2147483647;
			files = (
			);
			inputFileListPaths = (
				"${PODS_ROOT}/Target Support Files/Pods-Callective/Pods-Callective-resources-${CONFIGURATION}-input-files.xcfilelist",
			);
			name = "[CP] Copy Pods Resources";
			outputFileListPaths = (
				"${PODS_ROOT}/Target Support Files/Pods-Callective/Pods-Callective-resources-${CONFIGURATION}-output-files.xcfilelist",
			);
			runOnlyForDeploymentPostprocessing = 0;
			shellPath = /bin/sh;
			shellScript = "\"${PODS_ROOT}/Target Support Files/Pods-Callective/Pods-Callective-resources.sh\"\n";
			showEnvVarsInLog = 0;
		};
/* End PBXShellScriptBuildPhase section */

/* Begin PBXSourcesBuildPhase section */
		80903F9425606A570063E150 /* Sources */ = {
			isa = PBXSourcesBuildPhase;
			buildActionMask = 2147483647;
			files = (
				6F5BF9B12561EEE000D020E2 /* SignUpController.swift in Sources */,
				80903FA025606A570063E150 /* ViewController.swift in Sources */,
				6F5BF9BB2561F23F00D020E2 /* Utils.swift in Sources */,
				6F5BF9B02561EEE000D020E2 /* AuthenticationController.swift in Sources */,
				80903F9C25606A570063E150 /* AppDelegate.swift in Sources */,
				80903F9E25606A570063E150 /* SceneDelegate.swift in Sources */,
				6F5BF9BD2561F43800D020E2 /* SettingsController.swift in Sources */,
				6F5BF9B92561F11A00D020E2 /* User.swift in Sources */,
				6F5BF9B22561EEE000D020E2 /* InitializationController.swift in Sources */,
				6F5BF9B72561F11A00D020E2 /* Extensions.swift in Sources */,
			);
			runOnlyForDeploymentPostprocessing = 0;
		};
/* End PBXSourcesBuildPhase section */

/* Begin XCBuildConfiguration section */
		80903FAA25606A5A0063E150 /* Debug */ = {
			isa = XCBuildConfiguration;
			buildSettings = {
				ALWAYS_SEARCH_USER_PATHS = NO;
				CLANG_ANALYZER_NONNULL = YES;
				CLANG_ANALYZER_NUMBER_OBJECT_CONVERSION = YES_AGGRESSIVE;
				CLANG_CXX_LANGUAGE_STANDARD = "gnu++14";
				CLANG_CXX_LIBRARY = "libc++";
				CLANG_ENABLE_MODULES = YES;
				CLANG_ENABLE_OBJC_ARC = YES;
				CLANG_ENABLE_OBJC_WEAK = YES;
				CLANG_WARN_BLOCK_CAPTURE_AUTORELEASING = YES;
				CLANG_WARN_BOOL_CONVERSION = YES;
				CLANG_WARN_COMMA = YES;
				CLANG_WARN_CONSTANT_CONVERSION = YES;
				CLANG_WARN_DEPRECATED_OBJC_IMPLEMENTATIONS = YES;
				CLANG_WARN_DIRECT_OBJC_ISA_USAGE = YES_ERROR;
				CLANG_WARN_DOCUMENTATION_COMMENTS = YES;
				CLANG_WARN_EMPTY_BODY = YES;
				CLANG_WARN_ENUM_CONVERSION = YES;
				CLANG_WARN_INFINITE_RECURSION = YES;
				CLANG_WARN_INT_CONVERSION = YES;
				CLANG_WARN_NON_LITERAL_NULL_CONVERSION = YES;
				CLANG_WARN_OBJC_IMPLICIT_RETAIN_SELF = YES;
				CLANG_WARN_OBJC_LITERAL_CONVERSION = YES;
				CLANG_WARN_OBJC_ROOT_CLASS = YES_ERROR;
				CLANG_WARN_QUOTED_INCLUDE_IN_FRAMEWORK_HEADER = YES;
				CLANG_WARN_RANGE_LOOP_ANALYSIS = YES;
				CLANG_WARN_STRICT_PROTOTYPES = YES;
				CLANG_WARN_SUSPICIOUS_MOVE = YES;
				CLANG_WARN_UNGUARDED_AVAILABILITY = YES_AGGRESSIVE;
				CLANG_WARN_UNREACHABLE_CODE = YES;
				CLANG_WARN__DUPLICATE_METHOD_MATCH = YES;
				COPY_PHASE_STRIP = NO;
				DEBUG_INFORMATION_FORMAT = dwarf;
				ENABLE_STRICT_OBJC_MSGSEND = YES;
				ENABLE_TESTABILITY = YES;
				GCC_C_LANGUAGE_STANDARD = gnu11;
				GCC_DYNAMIC_NO_PIC = NO;
				GCC_NO_COMMON_BLOCKS = YES;
				GCC_OPTIMIZATION_LEVEL = 0;
				GCC_PREPROCESSOR_DEFINITIONS = (
					"DEBUG=1",
					"$(inherited)",
				);
				GCC_WARN_64_TO_32_BIT_CONVERSION = YES;
				GCC_WARN_ABOUT_RETURN_TYPE = YES_ERROR;
				GCC_WARN_UNDECLARED_SELECTOR = YES;
				GCC_WARN_UNINITIALIZED_AUTOS = YES_AGGRESSIVE;
				GCC_WARN_UNUSED_FUNCTION = YES;
				GCC_WARN_UNUSED_VARIABLE = YES;
				IPHONEOS_DEPLOYMENT_TARGET = 14.0;
				MTL_ENABLE_DEBUG_INFO = INCLUDE_SOURCE;
				MTL_FAST_MATH = YES;
				ONLY_ACTIVE_ARCH = YES;
				SDKROOT = iphoneos;
				SWIFT_ACTIVE_COMPILATION_CONDITIONS = DEBUG;
				SWIFT_OPTIMIZATION_LEVEL = "-Onone";
			};
			name = Debug;
		};
		80903FAB25606A5A0063E150 /* Release */ = {
			isa = XCBuildConfiguration;
			buildSettings = {
				ALWAYS_SEARCH_USER_PATHS = NO;
				CLANG_ANALYZER_NONNULL = YES;
				CLANG_ANALYZER_NUMBER_OBJECT_CONVERSION = YES_AGGRESSIVE;
				CLANG_CXX_LANGUAGE_STANDARD = "gnu++14";
				CLANG_CXX_LIBRARY = "libc++";
				CLANG_ENABLE_MODULES = YES;
				CLANG_ENABLE_OBJC_ARC = YES;
				CLANG_ENABLE_OBJC_WEAK = YES;
				CLANG_WARN_BLOCK_CAPTURE_AUTORELEASING = YES;
				CLANG_WARN_BOOL_CONVERSION = YES;
				CLANG_WARN_COMMA = YES;
				CLANG_WARN_CONSTANT_CONVERSION = YES;
				CLANG_WARN_DEPRECATED_OBJC_IMPLEMENTATIONS = YES;
				CLANG_WARN_DIRECT_OBJC_ISA_USAGE = YES_ERROR;
				CLANG_WARN_DOCUMENTATION_COMMENTS = YES;
				CLANG_WARN_EMPTY_BODY = YES;
				CLANG_WARN_ENUM_CONVERSION = YES;
				CLANG_WARN_INFINITE_RECURSION = YES;
				CLANG_WARN_INT_CONVERSION = YES;
				CLANG_WARN_NON_LITERAL_NULL_CONVERSION = YES;
				CLANG_WARN_OBJC_IMPLICIT_RETAIN_SELF = YES;
				CLANG_WARN_OBJC_LITERAL_CONVERSION = YES;
				CLANG_WARN_OBJC_ROOT_CLASS = YES_ERROR;
				CLANG_WARN_QUOTED_INCLUDE_IN_FRAMEWORK_HEADER = YES;
				CLANG_WARN_RANGE_LOOP_ANALYSIS = YES;
				CLANG_WARN_STRICT_PROTOTYPES = YES;
				CLANG_WARN_SUSPICIOUS_MOVE = YES;
				CLANG_WARN_UNGUARDED_AVAILABILITY = YES_AGGRESSIVE;
				CLANG_WARN_UNREACHABLE_CODE = YES;
				CLANG_WARN__DUPLICATE_METHOD_MATCH = YES;
				COPY_PHASE_STRIP = NO;
				DEBUG_INFORMATION_FORMAT = "dwarf-with-dsym";
				ENABLE_NS_ASSERTIONS = NO;
				ENABLE_STRICT_OBJC_MSGSEND = YES;
				GCC_C_LANGUAGE_STANDARD = gnu11;
				GCC_NO_COMMON_BLOCKS = YES;
				GCC_WARN_64_TO_32_BIT_CONVERSION = YES;
				GCC_WARN_ABOUT_RETURN_TYPE = YES_ERROR;
				GCC_WARN_UNDECLARED_SELECTOR = YES;
				GCC_WARN_UNINITIALIZED_AUTOS = YES_AGGRESSIVE;
				GCC_WARN_UNUSED_FUNCTION = YES;
				GCC_WARN_UNUSED_VARIABLE = YES;
				IPHONEOS_DEPLOYMENT_TARGET = 14.0;
				MTL_ENABLE_DEBUG_INFO = NO;
				MTL_FAST_MATH = YES;
				SDKROOT = iphoneos;
				SWIFT_COMPILATION_MODE = wholemodule;
				SWIFT_OPTIMIZATION_LEVEL = "-O";
				VALIDATE_PRODUCT = YES;
			};
			name = Release;
		};
		80903FAD25606A5A0063E150 /* Debug */ = {
			isa = XCBuildConfiguration;
			baseConfigurationReference = 3A0868CFB35371FBBB66B3A1 /* Pods-Callective.debug.xcconfig */;
			buildSettings = {
				ASSETCATALOG_COMPILER_APPICON_NAME = AppIcon;
				ASSETCATALOG_COMPILER_GLOBAL_ACCENT_COLOR_NAME = AccentColor;
				CODE_SIGN_STYLE = Automatic;
				INFOPLIST_FILE = Callective/Info.plist;
				IPHONEOS_DEPLOYMENT_TARGET = 13.2;
				LD_RUNPATH_SEARCH_PATHS = (
					"$(inherited)",
					"@executable_path/Frameworks",
				);
				PRODUCT_BUNDLE_IDENTIFIER = com.patrickrz.Callective;
				PRODUCT_NAME = "$(TARGET_NAME)";
				SWIFT_VERSION = 5.0;
				TARGETED_DEVICE_FAMILY = "1,2";
			};
			name = Debug;
		};
		80903FAE25606A5A0063E150 /* Release */ = {
			isa = XCBuildConfiguration;
			baseConfigurationReference = 47E69E1920AD35C9A72E5E50 /* Pods-Callective.release.xcconfig */;
			buildSettings = {
				ASSETCATALOG_COMPILER_APPICON_NAME = AppIcon;
				ASSETCATALOG_COMPILER_GLOBAL_ACCENT_COLOR_NAME = AccentColor;
				CODE_SIGN_STYLE = Automatic;
				INFOPLIST_FILE = Callective/Info.plist;
				IPHONEOS_DEPLOYMENT_TARGET = 13.2;
				LD_RUNPATH_SEARCH_PATHS = (
					"$(inherited)",
					"@executable_path/Frameworks",
				);
				PRODUCT_BUNDLE_IDENTIFIER = com.patrickrz.Callective;
				PRODUCT_NAME = "$(TARGET_NAME)";
				SWIFT_VERSION = 5.0;
				TARGETED_DEVICE_FAMILY = "1,2";
			};
			name = Release;
		};
/* End XCBuildConfiguration section */

/* Begin XCConfigurationList section */
		80903F9325606A570063E150 /* Build configuration list for PBXProject "Callective" */ = {
			isa = XCConfigurationList;
			buildConfigurations = (
				80903FAA25606A5A0063E150 /* Debug */,
				80903FAB25606A5A0063E150 /* Release */,
			);
			defaultConfigurationIsVisible = 0;
			defaultConfigurationName = Release;
		};
		80903FAC25606A5A0063E150 /* Build configuration list for PBXNativeTarget "Callective" */ = {
			isa = XCConfigurationList;
			buildConfigurations = (
				80903FAD25606A5A0063E150 /* Debug */,
				80903FAE25606A5A0063E150 /* Release */,
			);
			defaultConfigurationIsVisible = 0;
			defaultConfigurationName = Release;
		};
/* End XCConfigurationList section */
	};
	rootObject = 80903F9025606A570063E150 /* Project object */;
}
